
Microsoft Visual Studio Solution File, Format Version 12.00
# Visual Studio 14
VisualStudioVersion = 14.0.23107.0
MinimumVisualStudioVersion = 10.0.40219.1
Project("{2150E333-8FDC-42A3-9474-1A3956D46DE8}") = "Layer.Backend", "Layer.Backend", "{52204D7C-90E2-43AD-B728-C6C66A747BEF}"
EndProject
Project("{2150E333-8FDC-42A3-9474-1A3956D46DE8}") = "Layer.FrontEnd", "Layer.FrontEnd", "{06A1BC7E-F220-4F4E-B95A-A1CFE3A1F278}"
EndProject
Project("{2150E333-8FDC-42A3-9474-1A3956D46DE8}") = "Windows", "Windows", "{AD9210B7-8EBB-486C-B41C-34E48140464A}"
EndProject
Project("{2150E333-8FDC-42A3-9474-1A3956D46DE8}") = "Web", "Web", "{DE2C8A14-066F-4883-B945-C32B74F2BE83}"
EndProject
Project("{FAE04EC0-301F-11D3-BF4B-00C04F79EFBC}") = "Windows.UX.Console", "Windows.UX.Console\Windows.UX.Console.csproj", "{2FA44A73-6F90-4FDA-9959-5F4AE4619E3B}"
EndProject
Global
	GlobalSection(SolutionConfigurationPlatforms) = preSolution
		Debug|Any CPU = Debug|Any CPU
		Release|Any CPU = Release|Any CPU
	EndGlobalSection
	GlobalSection(ProjectConfigurationPlatforms) = postSolution
		{2FA44A73-6F90-4FDA-9959-5F4AE4619E3B}.Debug|Any CPU.ActiveCfg = Debug|Any CPU
		{2FA44A73-6F90-4FDA-9959-5F4AE4619E3B}.Debug|Any CPU.Build.0 = Debug|Any CPU
		{2FA44A73-6F90-4FDA-9959-5F4AE4619E3B}.Release|Any CPU.ActiveCfg = Release|Any CPU
		{2FA44A73-6F90-4FDA-9959-5F4AE4619E3B}.Release|Any CPU.Build.0 = Release|Any CPU
	EndGlobalSection
	GlobalSection(SolutionProperties) = preSolution
		HideSolutionNode = FALSE
	EndGlobalSection
	GlobalSection(NestedProjects) = preSolution
		{AD9210B7-8EBB-486C-B41C-34E48140464A} = {06A1BC7E-F220-4F4E-B95A-A1CFE3A1F278}
		{DE2C8A14-066F-4883-B945-C32B74F2BE83} = {06A1BC7E-F220-4F4E-B95A-A1CFE3A1F278}
		{2FA44A73-6F90-4FDA-9959-5F4AE4619E3B} = {AD9210B7-8EBB-486C-B41C-34E48140464A}
	EndGlobalSection
EndGlobal
