
Microsoft Visual Studio Solution File, Format Version 12.00
# Visual Studio 14
VisualStudioVersion = 14.0.23107.0
MinimumVisualStudioVersion = 10.0.40219.1
Project("{2150E333-8FDC-42A3-9474-1A3956D46DE8}") = "Layer.Backend", "Layer.Backend", "{52204D7C-90E2-43AD-B728-C6C66A747BEF}"
EndProject
Project("{2150E333-8FDC-42A3-9474-1A3956D46DE8}") = "Layer.FrontEnd", "Layer.FrontEnd", "{06A1BC7E-F220-4F4E-B95A-A1CFE3A1F278}"
EndProject
Project("{2150E333-8FDC-42A3-9474-1A3956D46DE8}") = "Windows", "Windows", "{AD9210B7-8EBB-486C-B41C-34E48140464A}"
EndProject
Project("{2150E333-8FDC-42A3-9474-1A3956D46DE8}") = "Web", "Web", "{DE2C8A14-066F-4883-B945-C32B74F2BE83}"
EndProject
Project("{FAE04EC0-301F-11D3-BF4B-00C04F79EFBC}") = "Windows.UX.Console", "Windows.UX.Console\Windows.UX.Console.csproj", "{2FA44A73-6F90-4FDA-9959-5F4AE4619E3B}"
EndProject
Project("{FAE04EC0-301F-11D3-BF4B-00C04F79EFBC}") = "Web.UX.ASPNetApp", "Web.UX.ASPNetApp\Web.UX.ASPNetApp.csproj", "{4849EFC4-63C5-4417-B08D-024D08DAF9B8}"
EndProject
Project("{FAE04EC0-301F-11D3-BF4B-00C04F79EFBC}") = "Windows.UX.WindowsForms", "Windows.UX.WindowsForms\Windows.UX.WindowsForms.csproj", "{EC5964F9-B142-4A50-B178-FB1950D6B061}"
EndProject
Project("{FAE04EC0-301F-11D3-BF4B-00C04F79EFBC}") = "Backend.Data", "Backend.Data\Backend.Data.csproj", "{7EEE6AC9-85BD-4AB9-818E-C390680BD481}"
EndProject
Project("{FAE04EC0-301F-11D3-BF4B-00C04F79EFBC}") = "Backend.Business", "Backend.Business\Backend.Business.csproj", "{5A161AC2-7A7A-4F0D-9118-A3EFB2904884}"
EndProject
Project("{FAE04EC0-301F-11D3-BF4B-00C04F79EFBC}") = "Transversal.Entities.DTO", "Transversal.Entities.DTO\Transversal.Entities.DTO.csproj", "{0646AACF-5A05-4131-8E18-B123F6BA8742}"
EndProject
Project("{2150E333-8FDC-42A3-9474-1A3956D46DE8}") = "Layer.TDD", "Layer.TDD", "{9C58A63A-2452-4169-AD0E-BFFCCB2D99E7}"
EndProject
Project("{FAE04EC0-301F-11D3-BF4B-00C04F79EFBC}") = "TDD.UnitTestProject", "TDD.UnitTestProject\TDD.UnitTestProject.csproj", "{EF1D8C93-E77E-44EE-8934-C0099FCB15A9}"
EndProject
Global
	GlobalSection(SolutionConfigurationPlatforms) = preSolution
		Debug|Any CPU = Debug|Any CPU
		Release|Any CPU = Release|Any CPU
	EndGlobalSection
	GlobalSection(ProjectConfigurationPlatforms) = postSolution
		{2FA44A73-6F90-4FDA-9959-5F4AE4619E3B}.Debug|Any CPU.ActiveCfg = Debug|Any CPU
		{2FA44A73-6F90-4FDA-9959-5F4AE4619E3B}.Debug|Any CPU.Build.0 = Debug|Any CPU
		{2FA44A73-6F90-4FDA-9959-5F4AE4619E3B}.Release|Any CPU.ActiveCfg = Release|Any CPU
		{2FA44A73-6F90-4FDA-9959-5F4AE4619E3B}.Release|Any CPU.Build.0 = Release|Any CPU
		{4849EFC4-63C5-4417-B08D-024D08DAF9B8}.Debug|Any CPU.ActiveCfg = Debug|Any CPU
		{4849EFC4-63C5-4417-B08D-024D08DAF9B8}.Debug|Any CPU.Build.0 = Debug|Any CPU
		{4849EFC4-63C5-4417-B08D-024D08DAF9B8}.Release|Any CPU.ActiveCfg = Release|Any CPU
		{4849EFC4-63C5-4417-B08D-024D08DAF9B8}.Release|Any CPU.Build.0 = Release|Any CPU
		{EC5964F9-B142-4A50-B178-FB1950D6B061}.Debug|Any CPU.ActiveCfg = Debug|Any CPU
		{EC5964F9-B142-4A50-B178-FB1950D6B061}.Debug|Any CPU.Build.0 = Debug|Any CPU
		{EC5964F9-B142-4A50-B178-FB1950D6B061}.Release|Any CPU.ActiveCfg = Release|Any CPU
		{EC5964F9-B142-4A50-B178-FB1950D6B061}.Release|Any CPU.Build.0 = Release|Any CPU
		{7EEE6AC9-85BD-4AB9-818E-C390680BD481}.Debug|Any CPU.ActiveCfg = Debug|Any CPU
		{7EEE6AC9-85BD-4AB9-818E-C390680BD481}.Debug|Any CPU.Build.0 = Debug|Any CPU
		{7EEE6AC9-85BD-4AB9-818E-C390680BD481}.Release|Any CPU.ActiveCfg = Release|Any CPU
		{7EEE6AC9-85BD-4AB9-818E-C390680BD481}.Release|Any CPU.Build.0 = Release|Any CPU
		{5A161AC2-7A7A-4F0D-9118-A3EFB2904884}.Debug|Any CPU.ActiveCfg = Debug|Any CPU
		{5A161AC2-7A7A-4F0D-9118-A3EFB2904884}.Debug|Any CPU.Build.0 = Debug|Any CPU
		{5A161AC2-7A7A-4F0D-9118-A3EFB2904884}.Release|Any CPU.ActiveCfg = Release|Any CPU
		{5A161AC2-7A7A-4F0D-9118-A3EFB2904884}.Release|Any CPU.Build.0 = Release|Any CPU
		{0646AACF-5A05-4131-8E18-B123F6BA8742}.Debug|Any CPU.ActiveCfg = Debug|Any CPU
		{0646AACF-5A05-4131-8E18-B123F6BA8742}.Debug|Any CPU.Build.0 = Debug|Any CPU
		{0646AACF-5A05-4131-8E18-B123F6BA8742}.Release|Any CPU.ActiveCfg = Release|Any CPU
		{0646AACF-5A05-4131-8E18-B123F6BA8742}.Release|Any CPU.Build.0 = Release|Any CPU
		{EF1D8C93-E77E-44EE-8934-C0099FCB15A9}.Debug|Any CPU.ActiveCfg = Debug|Any CPU
		{EF1D8C93-E77E-44EE-8934-C0099FCB15A9}.Debug|Any CPU.Build.0 = Debug|Any CPU
		{EF1D8C93-E77E-44EE-8934-C0099FCB15A9}.Release|Any CPU.ActiveCfg = Release|Any CPU
		{EF1D8C93-E77E-44EE-8934-C0099FCB15A9}.Release|Any CPU.Build.0 = Release|Any CPU
	EndGlobalSection
	GlobalSection(SolutionProperties) = preSolution
		HideSolutionNode = FALSE
	EndGlobalSection
	GlobalSection(NestedProjects) = preSolution
		{AD9210B7-8EBB-486C-B41C-34E48140464A} = {06A1BC7E-F220-4F4E-B95A-A1CFE3A1F278}
		{DE2C8A14-066F-4883-B945-C32B74F2BE83} = {06A1BC7E-F220-4F4E-B95A-A1CFE3A1F278}
		{2FA44A73-6F90-4FDA-9959-5F4AE4619E3B} = {AD9210B7-8EBB-486C-B41C-34E48140464A}
		{4849EFC4-63C5-4417-B08D-024D08DAF9B8} = {DE2C8A14-066F-4883-B945-C32B74F2BE83}
		{EC5964F9-B142-4A50-B178-FB1950D6B061} = {AD9210B7-8EBB-486C-B41C-34E48140464A}
		{7EEE6AC9-85BD-4AB9-818E-C390680BD481} = {52204D7C-90E2-43AD-B728-C6C66A747BEF}
		{5A161AC2-7A7A-4F0D-9118-A3EFB2904884} = {52204D7C-90E2-43AD-B728-C6C66A747BEF}
		{0646AACF-5A05-4131-8E18-B123F6BA8742} = {52204D7C-90E2-43AD-B728-C6C66A747BEF}
		{EF1D8C93-E77E-44EE-8934-C0099FCB15A9} = {9C58A63A-2452-4169-AD0E-BFFCCB2D99E7}
	EndGlobalSection
EndGlobal
